
Microsoft Visual Studio Solution File, Format Version 12.00
# Visual Studio 15
Project("{FAE04EC0-301F-11D3-BF4B-00C04F79EFBC}") = "FirstAlgorithmForCSharp", "FirstAlgorithmForCSharp\FirstAlgorithmForCSharp.csproj", "{BB7A6B1D-6F3A-4931-A466-F7ABF023FDEB}"
EndProject
Global
	GlobalSection(SolutionConfigurationPlatforms) = preSolution
		Debug|Any CPU = Debug|Any CPU
		Release|Any CPU = Release|Any CPU
	EndGlobalSection
	GlobalSection(ProjectConfigurationPlatforms) = postSolution
		{BB7A6B1D-6F3A-4931-A466-F7ABF023FDEB}.Debug|Any CPU.ActiveCfg = Debug|Any CPU
		{BB7A6B1D-6F3A-4931-A466-F7ABF023FDEB}.Debug|Any CPU.Build.0 = Debug|Any CPU
		{BB7A6B1D-6F3A-4931-A466-F7ABF023FDEB}.Release|Any CPU.ActiveCfg = Release|Any CPU
		{BB7A6B1D-6F3A-4931-A466-F7ABF023FDEB}.Release|Any CPU.Build.0 = Release|Any CPU
	EndGlobalSection
EndGlobal
